{
  "name": "npm-sidina-test",
  "version": "1.0.0",
  "lockfileVersion": 2,
  "requires": true,
  "packages": {
    "": {
      "name": "npm-sidina-test",
      "version": "1.0.0",
      "license": "ISC",
      "dependencies": {
        "npm-sidina-test": "^1.0.0"
      }
    },
    "node_modules/npm-sidina-test": {
      "version": "1.0.0",
      "resolved": "https://registry.npmjs.org/npm-sidina-test/-/npm-sidina-test-1.0.0.tgz",
      "integrity": "sha512-+31ZqA9NXAA4pTP42Z3eu/cmDyVzIJOMfZj6bO1EhnkQMH/TYCMx3l1zxcVPArA3nXM4+zhRk6u998T1w4vSdw=="
    }
  },
  "dependencies": {
    "npm-sidina-test": {
      "version": "1.0.0",
      "resolved": "https://registry.npmjs.org/npm-sidina-test/-/npm-sidina-test-1.0.0.tgz",
      "integrity": "sha512-+31ZqA9NXAA4pTP42Z3eu/cmDyVzIJOMfZj6bO1EhnkQMH/TYCMx3l1zxcVPArA3nXM4+zhRk6u998T1w4vSdw=="
    }
  }
}
